
Microsoft Visual Studio Solution File, Format Version 12.00
# Visual Studio 15
VisualStudioVersion = 15.0.27110.0
MinimumVisualStudioVersion = 10.0.40219.1
Project("{9A19103F-16F7-4668-BE54-9A1E7A4F7556}") = "TheExampleApp", "TheExampleApp\TheExampleApp.csproj", "{D458F723-7F2E-469E-97F8-F4279427B796}"
EndProject
Project("{9A19103F-16F7-4668-BE54-9A1E7A4F7556}") = "TheExampleApp.Tests", "TheExampleApp.Tests\TheExampleApp.Tests.csproj", "{A27BBEDC-DC3F-46FA-92C6-BD531959E449}"
EndProject
Project("{9A19103F-16F7-4668-BE54-9A1E7A4F7556}") = "TheExampleApp.IntegrationTests", "TheExampleApp.IntegrationTests\TheExampleApp.IntegrationTests.csproj", "{5F2776FA-6986-4472-B0C6-615A74D99634}"
EndProject
Project("{FAE04EC0-301F-11D3-BF4B-00C04F79EFBC}") = "TheExampleApp.E2eTests", "TheExampleApp.E2eTests\TheExampleApp.E2eTests.csproj", "{BC150835-FDBF-47E6-9937-F44B3B46C568}"
EndProject
Global
	GlobalSection(SolutionConfigurationPlatforms) = preSolution
		Debug|Any CPU = Debug|Any CPU
		Release|Any CPU = Release|Any CPU
	EndGlobalSection
	GlobalSection(ProjectConfigurationPlatforms) = postSolution
		{D458F723-7F2E-469E-97F8-F4279427B796}.Debug|Any CPU.ActiveCfg = Debug|Any CPU
		{D458F723-7F2E-469E-97F8-F4279427B796}.Debug|Any CPU.Build.0 = Debug|Any CPU
		{D458F723-7F2E-469E-97F8-F4279427B796}.Release|Any CPU.ActiveCfg = Release|Any CPU
		{D458F723-7F2E-469E-97F8-F4279427B796}.Release|Any CPU.Build.0 = Release|Any CPU
		{A27BBEDC-DC3F-46FA-92C6-BD531959E449}.Debug|Any CPU.ActiveCfg = Debug|Any CPU
		{A27BBEDC-DC3F-46FA-92C6-BD531959E449}.Debug|Any CPU.Build.0 = Debug|Any CPU
		{A27BBEDC-DC3F-46FA-92C6-BD531959E449}.Release|Any CPU.ActiveCfg = Release|Any CPU
		{A27BBEDC-DC3F-46FA-92C6-BD531959E449}.Release|Any CPU.Build.0 = Release|Any CPU
		{5F2776FA-6986-4472-B0C6-615A74D99634}.Debug|Any CPU.ActiveCfg = Debug|Any CPU
		{5F2776FA-6986-4472-B0C6-615A74D99634}.Debug|Any CPU.Build.0 = Debug|Any CPU
		{5F2776FA-6986-4472-B0C6-615A74D99634}.Release|Any CPU.ActiveCfg = Release|Any CPU
		{5F2776FA-6986-4472-B0C6-615A74D99634}.Release|Any CPU.Build.0 = Release|Any CPU
		{BC150835-FDBF-47E6-9937-F44B3B46C568}.Debug|Any CPU.ActiveCfg = Debug|Any CPU
		{BC150835-FDBF-47E6-9937-F44B3B46C568}.Debug|Any CPU.Build.0 = Debug|Any CPU
		{BC150835-FDBF-47E6-9937-F44B3B46C568}.Release|Any CPU.ActiveCfg = Release|Any CPU
		{BC150835-FDBF-47E6-9937-F44B3B46C568}.Release|Any CPU.Build.0 = Release|Any CPU
	EndGlobalSection
	GlobalSection(SolutionProperties) = preSolution
		HideSolutionNode = FALSE
	EndGlobalSection
	GlobalSection(ExtensibilityGlobals) = postSolution
		SolutionGuid = {88B51307-AA58-4BFB-92EE-11762FA24DD7}
	EndGlobalSection
EndGlobal
